
Microsoft Visual Studio Solution File, Format Version 12.00
# Visual Studio Version 17
VisualStudioVersion = 17.14.36401.2 d17.14
MinimumVisualStudioVersion = 10.0.40219.1
Project("{FAE04EC0-301F-11D3-BF4B-00C04F79EFBC}") = "Dictioanry165", "Dictioanry165.csproj", "{0641CFE7-2618-4C85-BA18-7854B8D63804}"
EndProject
Global
	GlobalSection(SolutionConfigurationPlatforms) = preSolution
		Debug|Any CPU = Debug|Any CPU
		Release|Any CPU = Release|Any CPU
	EndGlobalSection
	GlobalSection(ProjectConfigurationPlatforms) = postSolution
		{0641CFE7-2618-4C85-BA18-7854B8D63804}.Debug|Any CPU.ActiveCfg = Debug|Any CPU
		{0641CFE7-2618-4C85-BA18-7854B8D63804}.Debug|Any CPU.Build.0 = Debug|Any CPU
		{0641CFE7-2618-4C85-BA18-7854B8D63804}.Release|Any CPU.ActiveCfg = Release|Any CPU
		{0641CFE7-2618-4C85-BA18-7854B8D63804}.Release|Any CPU.Build.0 = Release|Any CPU
	EndGlobalSection
	GlobalSection(SolutionProperties) = preSolution
		HideSolutionNode = FALSE
	EndGlobalSection
	GlobalSection(ExtensibilityGlobals) = postSolution
		SolutionGuid = {58424582-25D1-4558-AFA8-35D2F79CE036}
	EndGlobalSection
EndGlobal
