
Microsoft Visual Studio Solution File, Format Version 12.00
# Visual Studio Version 17
VisualStudioVersion = 17.14.36414.22 d17.14
MinimumVisualStudioVersion = 10.0.40219.1
Project("{FAE04EC0-301F-11D3-BF4B-00C04F79EFBC}") = "Calculator", "Calculator.csproj", "{9BE018C9-D934-49B2-B482-2566DD3824A9}"
EndProject
Global
	GlobalSection(SolutionConfigurationPlatforms) = preSolution
		Debug|Any CPU = Debug|Any CPU
		Release|Any CPU = Release|Any CPU
	EndGlobalSection
	GlobalSection(ProjectConfigurationPlatforms) = postSolution
		{9BE018C9-D934-49B2-B482-2566DD3824A9}.Debug|Any CPU.ActiveCfg = Debug|Any CPU
		{9BE018C9-D934-49B2-B482-2566DD3824A9}.Debug|Any CPU.Build.0 = Debug|Any CPU
		{9BE018C9-D934-49B2-B482-2566DD3824A9}.Release|Any CPU.ActiveCfg = Release|Any CPU
		{9BE018C9-D934-49B2-B482-2566DD3824A9}.Release|Any CPU.Build.0 = Release|Any CPU
	EndGlobalSection
	GlobalSection(SolutionProperties) = preSolution
		HideSolutionNode = FALSE
	EndGlobalSection
	GlobalSection(ExtensibilityGlobals) = postSolution
		SolutionGuid = {58BA61BC-5979-4627-81D3-3C2C51F78173}
	EndGlobalSection
EndGlobal
