
Microsoft Visual Studio Solution File, Format Version 12.00
# Visual Studio Version 17
VisualStudioVersion = 17.14.36401.2 d17.14
MinimumVisualStudioVersion = 10.0.40219.1
Project("{FAE04EC0-301F-11D3-BF4B-00C04F79EFBC}") = "MethodApp", "MethodApp.csproj", "{421CF332-C326-49FC-8457-13DB71619CEE}"
EndProject
Global
	GlobalSection(SolutionConfigurationPlatforms) = preSolution
		Debug|Any CPU = Debug|Any CPU
		Release|Any CPU = Release|Any CPU
	EndGlobalSection
	GlobalSection(ProjectConfigurationPlatforms) = postSolution
		{421CF332-C326-49FC-8457-13DB71619CEE}.Debug|Any CPU.ActiveCfg = Debug|Any CPU
		{421CF332-C326-49FC-8457-13DB71619CEE}.Debug|Any CPU.Build.0 = Debug|Any CPU
		{421CF332-C326-49FC-8457-13DB71619CEE}.Release|Any CPU.ActiveCfg = Release|Any CPU
		{421CF332-C326-49FC-8457-13DB71619CEE}.Release|Any CPU.Build.0 = Release|Any CPU
	EndGlobalSection
	GlobalSection(SolutionProperties) = preSolution
		HideSolutionNode = FALSE
	EndGlobalSection
	GlobalSection(ExtensibilityGlobals) = postSolution
		SolutionGuid = {ABB649DC-E945-4B56-8290-502E5591F441}
	EndGlobalSection
EndGlobal
