
Microsoft Visual Studio Solution File, Format Version 12.00
# Visual Studio Version 17
VisualStudioVersion = 17.14.36401.2 d17.14
MinimumVisualStudioVersion = 10.0.40219.1
Project("{FAE04EC0-301F-11D3-BF4B-00C04F79EFBC}") = "MulticastDelegates", "MulticastDelegates.csproj", "{2140C2CD-817F-435D-A889-0C108A84573E}"
EndProject
Global
	GlobalSection(SolutionConfigurationPlatforms) = preSolution
		Debug|Any CPU = Debug|Any CPU
		Release|Any CPU = Release|Any CPU
	EndGlobalSection
	GlobalSection(ProjectConfigurationPlatforms) = postSolution
		{2140C2CD-817F-435D-A889-0C108A84573E}.Debug|Any CPU.ActiveCfg = Debug|Any CPU
		{2140C2CD-817F-435D-A889-0C108A84573E}.Debug|Any CPU.Build.0 = Debug|Any CPU
		{2140C2CD-817F-435D-A889-0C108A84573E}.Release|Any CPU.ActiveCfg = Release|Any CPU
		{2140C2CD-817F-435D-A889-0C108A84573E}.Release|Any CPU.Build.0 = Release|Any CPU
	EndGlobalSection
	GlobalSection(SolutionProperties) = preSolution
		HideSolutionNode = FALSE
	EndGlobalSection
	GlobalSection(ExtensibilityGlobals) = postSolution
		SolutionGuid = {E94AF7B5-2D7F-476B-9BD0-45456C088085}
	EndGlobalSection
EndGlobal
