
Microsoft Visual Studio Solution File, Format Version 12.00
# Visual Studio Version 17
VisualStudioVersion = 17.13.35825.156
MinimumVisualStudioVersion = 10.0.40219.1
Project("{F14B399A-7131-4C87-9E4B-1186C45EF12D}") = "PracticeActivity10", "UdemyProjectSection10\PracticeActivity10.rptproj", "{A1BB7E42-B50C-001F-5A99-A94FC5008395}"
EndProject
Global
	GlobalSection(SolutionConfigurationPlatforms) = preSolution
		Debug|Default = Debug|Default
		DebugLocal|Default = DebugLocal|Default
		Release|Default = Release|Default
	EndGlobalSection
	GlobalSection(ProjectConfigurationPlatforms) = postSolution
		{A1BB7E42-B50C-001F-5A99-A94FC5008395}.Debug|Default.ActiveCfg = Debug
		{A1BB7E42-B50C-001F-5A99-A94FC5008395}.Debug|Default.Build.0 = Debug
		{A1BB7E42-B50C-001F-5A99-A94FC5008395}.Debug|Default.Deploy.0 = Debug
		{A1BB7E42-B50C-001F-5A99-A94FC5008395}.DebugLocal|Default.ActiveCfg = DebugLocal
		{A1BB7E42-B50C-001F-5A99-A94FC5008395}.DebugLocal|Default.Build.0 = DebugLocal
		{A1BB7E42-B50C-001F-5A99-A94FC5008395}.Release|Default.ActiveCfg = Release
		{A1BB7E42-B50C-001F-5A99-A94FC5008395}.Release|Default.Build.0 = Release
		{A1BB7E42-B50C-001F-5A99-A94FC5008395}.Release|Default.Deploy.0 = Release
	EndGlobalSection
	GlobalSection(SolutionProperties) = preSolution
		HideSolutionNode = FALSE
	EndGlobalSection
	GlobalSection(ExtensibilityGlobals) = postSolution
		SolutionGuid = {E7370569-C34D-4FC4-800E-54EA752A54A5}
	EndGlobalSection
EndGlobal
