
Microsoft Visual Studio Solution File, Format Version 12.00
# Visual Studio Version 17
VisualStudioVersion = 17.14.36414.22 d17.14
MinimumVisualStudioVersion = 10.0.40219.1
Project("{FAE04EC0-301F-11D3-BF4B-00C04F79EFBC}") = "Flight", "Flight.csproj", "{34DCC748-DA4E-43AE-A109-9635836FE9DE}"
EndProject
Project("{FAE04EC0-301F-11D3-BF4B-00C04F79EFBC}") = "Domain.Test", "..\Domain.Test\Domain.Test.csproj", "{8DFA57E2-F490-4B65-B767-E264F0142EF2}"
EndProject
Project("{FAE04EC0-301F-11D3-BF4B-00C04F79EFBC}") = "Domain", "..\Domain\Domain.csproj", "{5B854918-8E0D-4974-BDE8-B35271C62C58}"
EndProject
Global
	GlobalSection(SolutionConfigurationPlatforms) = preSolution
		Debug|Any CPU = Debug|Any CPU
		Release|Any CPU = Release|Any CPU
	EndGlobalSection
	GlobalSection(ProjectConfigurationPlatforms) = postSolution
		{34DCC748-DA4E-43AE-A109-9635836FE9DE}.Debug|Any CPU.ActiveCfg = Debug|Any CPU
		{34DCC748-DA4E-43AE-A109-9635836FE9DE}.Debug|Any CPU.Build.0 = Debug|Any CPU
		{34DCC748-DA4E-43AE-A109-9635836FE9DE}.Release|Any CPU.ActiveCfg = Release|Any CPU
		{34DCC748-DA4E-43AE-A109-9635836FE9DE}.Release|Any CPU.Build.0 = Release|Any CPU
		{8DFA57E2-F490-4B65-B767-E264F0142EF2}.Debug|Any CPU.ActiveCfg = Debug|Any CPU
		{8DFA57E2-F490-4B65-B767-E264F0142EF2}.Debug|Any CPU.Build.0 = Debug|Any CPU
		{8DFA57E2-F490-4B65-B767-E264F0142EF2}.Release|Any CPU.ActiveCfg = Release|Any CPU
		{8DFA57E2-F490-4B65-B767-E264F0142EF2}.Release|Any CPU.Build.0 = Release|Any CPU
		{5B854918-8E0D-4974-BDE8-B35271C62C58}.Debug|Any CPU.ActiveCfg = Debug|Any CPU
		{5B854918-8E0D-4974-BDE8-B35271C62C58}.Debug|Any CPU.Build.0 = Debug|Any CPU
		{5B854918-8E0D-4974-BDE8-B35271C62C58}.Release|Any CPU.ActiveCfg = Release|Any CPU
		{5B854918-8E0D-4974-BDE8-B35271C62C58}.Release|Any CPU.Build.0 = Release|Any CPU
	EndGlobalSection
	GlobalSection(SolutionProperties) = preSolution
		HideSolutionNode = FALSE
	EndGlobalSection
	GlobalSection(ExtensibilityGlobals) = postSolution
		SolutionGuid = {38D58FC9-EFC4-4E87-8ABF-444CF1EE03FE}
	EndGlobalSection
EndGlobal
