
Microsoft Visual Studio Solution File, Format Version 12.00
# Visual Studio Version 17
VisualStudioVersion = 17.14.36401.2 d17.14
MinimumVisualStudioVersion = 10.0.40219.1
Project("{FAE04EC0-301F-11D3-BF4B-00C04F79EFBC}") = "WPFDemo", "WPFDemo.csproj", "{EAE37BF3-682E-4CBA-8657-F2F9560803BA}"
EndProject
Global
	GlobalSection(SolutionConfigurationPlatforms) = preSolution
		Debug|Any CPU = Debug|Any CPU
		Release|Any CPU = Release|Any CPU
	EndGlobalSection
	GlobalSection(ProjectConfigurationPlatforms) = postSolution
		{EAE37BF3-682E-4CBA-8657-F2F9560803BA}.Debug|Any CPU.ActiveCfg = Debug|Any CPU
		{EAE37BF3-682E-4CBA-8657-F2F9560803BA}.Debug|Any CPU.Build.0 = Debug|Any CPU
		{EAE37BF3-682E-4CBA-8657-F2F9560803BA}.Release|Any CPU.ActiveCfg = Release|Any CPU
		{EAE37BF3-682E-4CBA-8657-F2F9560803BA}.Release|Any CPU.Build.0 = Release|Any CPU
	EndGlobalSection
	GlobalSection(SolutionProperties) = preSolution
		HideSolutionNode = FALSE
	EndGlobalSection
	GlobalSection(ExtensibilityGlobals) = postSolution
		SolutionGuid = {4950210C-8364-4641-86CD-34F3356DC4F3}
	EndGlobalSection
EndGlobal
