
Microsoft Visual Studio Solution File, Format Version 12.00
# Visual Studio Version 17
VisualStudioVersion = 17.14.36401.2 d17.14
MinimumVisualStudioVersion = 10.0.40219.1
Project("{FAE04EC0-301F-11D3-BF4B-00C04F79EFBC}") = "MyAdditionCalculator", "MyAdditionCalculator.csproj", "{76D49B66-3675-4650-8200-36A8C3161A15}"
EndProject
Global
	GlobalSection(SolutionConfigurationPlatforms) = preSolution
		Debug|Any CPU = Debug|Any CPU
		Release|Any CPU = Release|Any CPU
	EndGlobalSection
	GlobalSection(ProjectConfigurationPlatforms) = postSolution
		{76D49B66-3675-4650-8200-36A8C3161A15}.Debug|Any CPU.ActiveCfg = Debug|Any CPU
		{76D49B66-3675-4650-8200-36A8C3161A15}.Debug|Any CPU.Build.0 = Debug|Any CPU
		{76D49B66-3675-4650-8200-36A8C3161A15}.Release|Any CPU.ActiveCfg = Release|Any CPU
		{76D49B66-3675-4650-8200-36A8C3161A15}.Release|Any CPU.Build.0 = Release|Any CPU
	EndGlobalSection
	GlobalSection(SolutionProperties) = preSolution
		HideSolutionNode = FALSE
	EndGlobalSection
	GlobalSection(ExtensibilityGlobals) = postSolution
		SolutionGuid = {8AFBDEB4-743A-4BEE-BC3C-F6F103ED745B}
	EndGlobalSection
EndGlobal
