
Microsoft Visual Studio Solution File, Format Version 12.00
# Visual Studio Version 17
VisualStudioVersion = 17.13.35919.96 d17.13
MinimumVisualStudioVersion = 10.0.40219.1
Project("{F14B399A-7131-4C87-9E4B-1186C45EF12D}") = "SSRSReport", "SSRSReport.rptproj", "{8F71B984-011A-D31F-D31C-760B8FAF948F}"
EndProject
Global
	GlobalSection(SolutionConfigurationPlatforms) = preSolution
		Debug|Default = Debug|Default
		DebugLocal|Default = DebugLocal|Default
		Release|Default = Release|Default
	EndGlobalSection
	GlobalSection(ProjectConfigurationPlatforms) = postSolution
		{8F71B984-011A-D31F-D31C-760B8FAF948F}.Debug|Default.ActiveCfg = Debug
		{8F71B984-011A-D31F-D31C-760B8FAF948F}.Debug|Default.Build.0 = Debug
		{8F71B984-011A-D31F-D31C-760B8FAF948F}.Debug|Default.Deploy.0 = Debug
		{8F71B984-011A-D31F-D31C-760B8FAF948F}.DebugLocal|Default.ActiveCfg = DebugLocal
		{8F71B984-011A-D31F-D31C-760B8FAF948F}.DebugLocal|Default.Build.0 = DebugLocal
		{8F71B984-011A-D31F-D31C-760B8FAF948F}.Release|Default.ActiveCfg = Release
		{8F71B984-011A-D31F-D31C-760B8FAF948F}.Release|Default.Build.0 = Release
		{8F71B984-011A-D31F-D31C-760B8FAF948F}.Release|Default.Deploy.0 = Release
	EndGlobalSection
	GlobalSection(SolutionProperties) = preSolution
		HideSolutionNode = FALSE
	EndGlobalSection
	GlobalSection(ExtensibilityGlobals) = postSolution
		SolutionGuid = {97E590FF-C7A7-4672-AAFF-66FCFD9CED2F}
	EndGlobalSection
EndGlobal
