
Microsoft Visual Studio Solution File, Format Version 12.00
# Visual Studio Version 17
VisualStudioVersion = 17.14.36401.2 d17.14
MinimumVisualStudioVersion = 10.0.40219.1
Project("{FAE04EC0-301F-11D3-BF4B-00C04F79EFBC}") = "QuizAppSect5", "QuizAppSect5.csproj", "{3BDB62E3-8497-4741-8C9D-460A0C082A7C}"
EndProject
Global
	GlobalSection(SolutionConfigurationPlatforms) = preSolution
		Debug|Any CPU = Debug|Any CPU
		Release|Any CPU = Release|Any CPU
	EndGlobalSection
	GlobalSection(ProjectConfigurationPlatforms) = postSolution
		{3BDB62E3-8497-4741-8C9D-460A0C082A7C}.Debug|Any CPU.ActiveCfg = Debug|Any CPU
		{3BDB62E3-8497-4741-8C9D-460A0C082A7C}.Debug|Any CPU.Build.0 = Debug|Any CPU
		{3BDB62E3-8497-4741-8C9D-460A0C082A7C}.Release|Any CPU.ActiveCfg = Release|Any CPU
		{3BDB62E3-8497-4741-8C9D-460A0C082A7C}.Release|Any CPU.Build.0 = Release|Any CPU
	EndGlobalSection
	GlobalSection(SolutionProperties) = preSolution
		HideSolutionNode = FALSE
	EndGlobalSection
	GlobalSection(ExtensibilityGlobals) = postSolution
		SolutionGuid = {DF4D22C5-38F9-4796-B4D2-492915D24737}
	EndGlobalSection
EndGlobal
