
Microsoft Visual Studio Solution File, Format Version 12.00
# Visual Studio Version 17
VisualStudioVersion = 17.13.35919.96 d17.13
MinimumVisualStudioVersion = 10.0.40219.1
Project("{C9674DCB-5085-4A16-B785-4C70DD1589BD}") = "SSISProject", "SSISProject.dtproj", "{274CA24A-7D8F-3E9F-2F7F-CE0294121C54}"
EndProject
Global
	GlobalSection(SolutionConfigurationPlatforms) = preSolution
		Development|Default = Development|Default
	EndGlobalSection
	GlobalSection(ProjectConfigurationPlatforms) = postSolution
		{274CA24A-7D8F-3E9F-2F7F-CE0294121C54}.Development|Default.ActiveCfg = Development
		{274CA24A-7D8F-3E9F-2F7F-CE0294121C54}.Development|Default.Build.0 = Development
	EndGlobalSection
	GlobalSection(SolutionProperties) = preSolution
		HideSolutionNode = FALSE
	EndGlobalSection
	GlobalSection(ExtensibilityGlobals) = postSolution
		SolutionGuid = {54F75353-0770-46FA-BDBE-1BEA9EB95CFB}
	EndGlobalSection
EndGlobal
