
Microsoft Visual Studio Solution File, Format Version 12.00
# Visual Studio Version 17
VisualStudioVersion = 17.14.36414.22 d17.14
MinimumVisualStudioVersion = 10.0.40219.1
Project("{FAE04EC0-301F-11D3-BF4B-00C04F79EFBC}") = "LoginApp", "LoginApp.csproj", "{1C2AFC7B-9E43-4FF5-843F-D45EB6CE3629}"
EndProject
Global
	GlobalSection(SolutionConfigurationPlatforms) = preSolution
		Debug|Any CPU = Debug|Any CPU
		Release|Any CPU = Release|Any CPU
	EndGlobalSection
	GlobalSection(ProjectConfigurationPlatforms) = postSolution
		{1C2AFC7B-9E43-4FF5-843F-D45EB6CE3629}.Debug|Any CPU.ActiveCfg = Debug|Any CPU
		{1C2AFC7B-9E43-4FF5-843F-D45EB6CE3629}.Debug|Any CPU.Build.0 = Debug|Any CPU
		{1C2AFC7B-9E43-4FF5-843F-D45EB6CE3629}.Release|Any CPU.ActiveCfg = Release|Any CPU
		{1C2AFC7B-9E43-4FF5-843F-D45EB6CE3629}.Release|Any CPU.Build.0 = Release|Any CPU
	EndGlobalSection
	GlobalSection(SolutionProperties) = preSolution
		HideSolutionNode = FALSE
	EndGlobalSection
	GlobalSection(ExtensibilityGlobals) = postSolution
		SolutionGuid = {740BCACC-E693-4FB4-94B2-F8797CAF079E}
	EndGlobalSection
EndGlobal
