
Microsoft Visual Studio Solution File, Format Version 12.00
# Visual Studio Version 17
VisualStudioVersion = 17.14.36401.2 d17.14
MinimumVisualStudioVersion = 10.0.40219.1
Project("{FAE04EC0-301F-11D3-BF4B-00C04F79EFBC}") = "TodoApp", "TodoApp.csproj", "{161763E2-26C8-4C58-94BF-063F4603FDCA}"
EndProject
Global
	GlobalSection(SolutionConfigurationPlatforms) = preSolution
		Debug|Any CPU = Debug|Any CPU
		Release|Any CPU = Release|Any CPU
	EndGlobalSection
	GlobalSection(ProjectConfigurationPlatforms) = postSolution
		{161763E2-26C8-4C58-94BF-063F4603FDCA}.Debug|Any CPU.ActiveCfg = Debug|Any CPU
		{161763E2-26C8-4C58-94BF-063F4603FDCA}.Debug|Any CPU.Build.0 = Debug|Any CPU
		{161763E2-26C8-4C58-94BF-063F4603FDCA}.Release|Any CPU.ActiveCfg = Release|Any CPU
		{161763E2-26C8-4C58-94BF-063F4603FDCA}.Release|Any CPU.Build.0 = Release|Any CPU
	EndGlobalSection
	GlobalSection(SolutionProperties) = preSolution
		HideSolutionNode = FALSE
	EndGlobalSection
	GlobalSection(ExtensibilityGlobals) = postSolution
		SolutionGuid = {2ACAAFA6-6953-4B88-ABCD-E69622F31542}
	EndGlobalSection
EndGlobal
